<?xml version="1.0" encoding="utf-8"?>
<Project ToolsVersion="4.0" xmlns="http://schemas.microsoft.com/developer/msbuild/2003">
  <ItemGroup>
    <ClCompile Include="main.cpp" />
  </ItemGroup>
  <ItemGroup>
    <None Include=".editorconfig">
      <Filter>Misc</Filter>
    </None>
    <None Include=".runsettings">
      <Filter>Misc</Filter>
    </None>
    <None Include="vcpkg.json">
      <Filter>Misc</Filter>
    </None>
    <None Include="vcpkg-configuration.json">
      <Filter>Misc</Filter>
    </None>
  </ItemGroup>
  <ItemGroup>
    <Filter Include="Misc">
      <UniqueIdentifier>{b7971d91-aeac-4a5b-bc35-0fb7237342a3}</UniqueIdentifier>
    </Filter>
  </ItemGroup>
</Project>